
Microsoft Visual Studio Solution File, Format Version 12.00
# Visual Studio Version 18
VisualStudioVersion = 18.0.11123.170 d18.0
MinimumVisualStudioVersion = 10.0.40219.1
Project("{8BC9CEB8-8B4A-11D0-8D11-00A0C91BC942}") = "Mex工具", "Mex工具\Mex工具.vcxproj", "{CE6CE462-A955-46A7-BB11-895054EF51EA}"
EndProject
Project("{8BC9CEB8-8B4A-11D0-8D11-00A0C91BC942}") = "Mexw64示例", "Mexw64示例\Mexw64示例.vcxproj", "{81B81549-91B4-42FC-AF22-C28D213FB1F8}"
EndProject
Global
	GlobalSection(SolutionConfigurationPlatforms) = preSolution
		MD.143|x64 = MD.143|x64
		MD.145|x64 = MD.145|x64
		MDd.143|x64 = MDd.143|x64
		MDd.145|x64 = MDd.145|x64
		MT.143|x64 = MT.143|x64
		MT.145|x64 = MT.145|x64
		MTd.143|x64 = MTd.143|x64
		MTd.145|x64 = MTd.145|x64
	EndGlobalSection
	GlobalSection(ProjectConfigurationPlatforms) = postSolution
		{CE6CE462-A955-46A7-BB11-895054EF51EA}.MD.143|x64.ActiveCfg = MD.143|x64
		{CE6CE462-A955-46A7-BB11-895054EF51EA}.MD.143|x64.Build.0 = MD.143|x64
		{CE6CE462-A955-46A7-BB11-895054EF51EA}.MD.145|x64.ActiveCfg = MD.145|x64
		{CE6CE462-A955-46A7-BB11-895054EF51EA}.MD.145|x64.Build.0 = MD.145|x64
		{CE6CE462-A955-46A7-BB11-895054EF51EA}.MDd.143|x64.ActiveCfg = MDd.143|x64
		{CE6CE462-A955-46A7-BB11-895054EF51EA}.MDd.143|x64.Build.0 = MDd.143|x64
		{CE6CE462-A955-46A7-BB11-895054EF51EA}.MDd.145|x64.ActiveCfg = MDd.145|x64
		{CE6CE462-A955-46A7-BB11-895054EF51EA}.MDd.145|x64.Build.0 = MDd.145|x64
		{CE6CE462-A955-46A7-BB11-895054EF51EA}.MT.143|x64.ActiveCfg = MT.143|x64
		{CE6CE462-A955-46A7-BB11-895054EF51EA}.MT.143|x64.Build.0 = MT.143|x64
		{CE6CE462-A955-46A7-BB11-895054EF51EA}.MT.145|x64.ActiveCfg = MT.145|x64
		{CE6CE462-A955-46A7-BB11-895054EF51EA}.MT.145|x64.Build.0 = MT.145|x64
		{CE6CE462-A955-46A7-BB11-895054EF51EA}.MTd.143|x64.ActiveCfg = MTd.143|x64
		{CE6CE462-A955-46A7-BB11-895054EF51EA}.MTd.143|x64.Build.0 = MTd.143|x64
		{CE6CE462-A955-46A7-BB11-895054EF51EA}.MTd.145|x64.ActiveCfg = MTd.145|x64
		{CE6CE462-A955-46A7-BB11-895054EF51EA}.MTd.145|x64.Build.0 = MTd.145|x64
		{81B81549-91B4-42FC-AF22-C28D213FB1F8}.MD.143|x64.ActiveCfg = Release|x64
		{81B81549-91B4-42FC-AF22-C28D213FB1F8}.MD.143|x64.Build.0 = Release|x64
		{81B81549-91B4-42FC-AF22-C28D213FB1F8}.MD.145|x64.ActiveCfg = Release|x64
		{81B81549-91B4-42FC-AF22-C28D213FB1F8}.MD.145|x64.Build.0 = Release|x64
		{81B81549-91B4-42FC-AF22-C28D213FB1F8}.MDd.143|x64.ActiveCfg = Release|x64
		{81B81549-91B4-42FC-AF22-C28D213FB1F8}.MDd.143|x64.Build.0 = Release|x64
		{81B81549-91B4-42FC-AF22-C28D213FB1F8}.MDd.145|x64.ActiveCfg = Debug|x64
		{81B81549-91B4-42FC-AF22-C28D213FB1F8}.MDd.145|x64.Build.0 = Debug|x64
		{81B81549-91B4-42FC-AF22-C28D213FB1F8}.MT.143|x64.ActiveCfg = Release|x64
		{81B81549-91B4-42FC-AF22-C28D213FB1F8}.MT.143|x64.Build.0 = Release|x64
		{81B81549-91B4-42FC-AF22-C28D213FB1F8}.MT.145|x64.ActiveCfg = Release|x64
		{81B81549-91B4-42FC-AF22-C28D213FB1F8}.MT.145|x64.Build.0 = Release|x64
		{81B81549-91B4-42FC-AF22-C28D213FB1F8}.MTd.143|x64.ActiveCfg = Release|x64
		{81B81549-91B4-42FC-AF22-C28D213FB1F8}.MTd.143|x64.Build.0 = Release|x64
		{81B81549-91B4-42FC-AF22-C28D213FB1F8}.MTd.145|x64.ActiveCfg = Release|x64
		{81B81549-91B4-42FC-AF22-C28D213FB1F8}.MTd.145|x64.Build.0 = Release|x64
	EndGlobalSection
	GlobalSection(SolutionProperties) = preSolution
		HideSolutionNode = FALSE
	EndGlobalSection
	GlobalSection(ExtensibilityGlobals) = postSolution
		SolutionGuid = {95CA3CFA-AC03-4271-B85B-21233CE18652}
	EndGlobalSection
EndGlobal
